
Microsoft Visual Studio Solution File, Format Version 12.00
# Visual Studio 2012
Project("{FAE04EC0-301F-11D3-BF4B-00C04F79EFBC}") = "1.IsEven", "1.IsEven\1.IsEven.csproj", "{DEC8D80B-A66D-49CB-BC23-9F919903D5B9}"
EndProject
Project("{FAE04EC0-301F-11D3-BF4B-00C04F79EFBC}") = "2.DivideBySevenAndFive", "2.DivideBySevenAndFive\2.DivideBySevenAndFive.csproj", "{8D71E3F0-9B0C-4371-BEBB-5E96D7669B37}"
EndProject
Project("{FAE04EC0-301F-11D3-BF4B-00C04F79EFBC}") = "3.RectangleArea", "3.RectangleArea\3.RectangleArea.csproj", "{12362E4D-AE98-4720-A4AB-9FD0E8E89957}"
EndProject
Project("{FAE04EC0-301F-11D3-BF4B-00C04F79EFBC}") = "4.IsThirdDigitSeven", "4.IsThirdDigitSeven\4.IsThirdDigitSeven.csproj", "{AB6F3DA5-2683-4A39-9713-2899F4C5506E}"
EndProject
Project("{FAE04EC0-301F-11D3-BF4B-00C04F79EFBC}") = "5.IsThirdBitOne", "5.IsThirdBitOne\5.IsThirdBitOne.csproj", "{EBFAC6A7-A232-4A5C-B024-CACD6B346650}"
EndProject
Project("{FAE04EC0-301F-11D3-BF4B-00C04F79EFBC}") = "6.IsPointInCircle", "6.IsPointInCircle\6.IsPointInCircle.csproj", "{3AD458BF-7820-4390-BA63-1AEB62136C30}"
EndProject
Project("{FAE04EC0-301F-11D3-BF4B-00C04F79EFBC}") = "7.IsPrime", "7.IsPrime\7.IsPrime.csproj", "{FF35E9A2-68AC-48CA-A456-FBEE914CF2B3}"
EndProject
Project("{FAE04EC0-301F-11D3-BF4B-00C04F79EFBC}") = "8.TrapezoidArea", "8.TrapezoidArea\8.TrapezoidArea.csproj", "{2C36F96E-CDC1-411A-A648-2F75B99EF552}"
EndProject
Project("{FAE04EC0-301F-11D3-BF4B-00C04F79EFBC}") = "9.IsPointInCircleAndOutsideRectangle", "9.IsPointInCircleAndOutsideRectangle\9.IsPointInCircleAndOutsideRectangle.csproj", "{DE250A7F-0C55-4436-8058-CCA8E8F049D9}"
EndProject
Project("{FAE04EC0-301F-11D3-BF4B-00C04F79EFBC}") = "10.IsPthBitOne", "10.IsPthBitOne\10.IsPthBitOne.csproj", "{8AAF7B29-AC37-4BA8-9380-C5099019D2B0}"
EndProject
Project("{FAE04EC0-301F-11D3-BF4B-00C04F79EFBC}") = "11.ExtractTheValueOfGivenBitNumber", "11.ExtractTheValueOfGivenBitNumber\11.ExtractTheValueOfGivenBitNumber.csproj", "{9B15175F-D9E9-4E45-997A-2E86493C47D8}"
EndProject
Project("{FAE04EC0-301F-11D3-BF4B-00C04F79EFBC}") = "12.ChangeP-thBit", "12.ChangeP-thBit\12.ChangeP-thBit.csproj", "{B007183C-EDC1-4FA4-8262-0C06144C2775}"
EndProject
Project("{FAE04EC0-301F-11D3-BF4B-00C04F79EFBC}") = "13.Exchange3Bits", "13.Exchange3Bits\13.Exchange3Bits.csproj", "{60EA7E49-2112-4854-9091-817CC20FC119}"
EndProject
Project("{FAE04EC0-301F-11D3-BF4B-00C04F79EFBC}") = "14.ExchangeTwoGroupsOfBits", "14.ExchangeTwoGroupsOfBits\14.ExchangeTwoGroupsOfBits.csproj", "{4D401799-D37B-48ED-A087-DDB20EF0B223}"
EndProject
Global
	GlobalSection(SolutionConfigurationPlatforms) = preSolution
		Debug|Any CPU = Debug|Any CPU
		Release|Any CPU = Release|Any CPU
	EndGlobalSection
	GlobalSection(ProjectConfigurationPlatforms) = postSolution
		{DEC8D80B-A66D-49CB-BC23-9F919903D5B9}.Debug|Any CPU.ActiveCfg = Debug|Any CPU
		{DEC8D80B-A66D-49CB-BC23-9F919903D5B9}.Debug|Any CPU.Build.0 = Debug|Any CPU
		{DEC8D80B-A66D-49CB-BC23-9F919903D5B9}.Release|Any CPU.ActiveCfg = Release|Any CPU
		{DEC8D80B-A66D-49CB-BC23-9F919903D5B9}.Release|Any CPU.Build.0 = Release|Any CPU
		{8D71E3F0-9B0C-4371-BEBB-5E96D7669B37}.Debug|Any CPU.ActiveCfg = Debug|Any CPU
		{8D71E3F0-9B0C-4371-BEBB-5E96D7669B37}.Debug|Any CPU.Build.0 = Debug|Any CPU
		{8D71E3F0-9B0C-4371-BEBB-5E96D7669B37}.Release|Any CPU.ActiveCfg = Release|Any CPU
		{8D71E3F0-9B0C-4371-BEBB-5E96D7669B37}.Release|Any CPU.Build.0 = Release|Any CPU
		{12362E4D-AE98-4720-A4AB-9FD0E8E89957}.Debug|Any CPU.ActiveCfg = Debug|Any CPU
		{12362E4D-AE98-4720-A4AB-9FD0E8E89957}.Debug|Any CPU.Build.0 = Debug|Any CPU
		{12362E4D-AE98-4720-A4AB-9FD0E8E89957}.Release|Any CPU.ActiveCfg = Release|Any CPU
		{12362E4D-AE98-4720-A4AB-9FD0E8E89957}.Release|Any CPU.Build.0 = Release|Any CPU
		{AB6F3DA5-2683-4A39-9713-2899F4C5506E}.Debug|Any CPU.ActiveCfg = Debug|Any CPU
		{AB6F3DA5-2683-4A39-9713-2899F4C5506E}.Debug|Any CPU.Build.0 = Debug|Any CPU
		{AB6F3DA5-2683-4A39-9713-2899F4C5506E}.Release|Any CPU.ActiveCfg = Release|Any CPU
		{AB6F3DA5-2683-4A39-9713-2899F4C5506E}.Release|Any CPU.Build.0 = Release|Any CPU
		{EBFAC6A7-A232-4A5C-B024-CACD6B346650}.Debug|Any CPU.ActiveCfg = Debug|Any CPU
		{EBFAC6A7-A232-4A5C-B024-CACD6B346650}.Debug|Any CPU.Build.0 = Debug|Any CPU
		{EBFAC6A7-A232-4A5C-B024-CACD6B346650}.Release|Any CPU.ActiveCfg = Release|Any CPU
		{EBFAC6A7-A232-4A5C-B024-CACD6B346650}.Release|Any CPU.Build.0 = Release|Any CPU
		{3AD458BF-7820-4390-BA63-1AEB62136C30}.Debug|Any CPU.ActiveCfg = Debug|Any CPU
		{3AD458BF-7820-4390-BA63-1AEB62136C30}.Debug|Any CPU.Build.0 = Debug|Any CPU
		{3AD458BF-7820-4390-BA63-1AEB62136C30}.Release|Any CPU.ActiveCfg = Release|Any CPU
		{3AD458BF-7820-4390-BA63-1AEB62136C30}.Release|Any CPU.Build.0 = Release|Any CPU
		{FF35E9A2-68AC-48CA-A456-FBEE914CF2B3}.Debug|Any CPU.ActiveCfg = Debug|Any CPU
		{FF35E9A2-68AC-48CA-A456-FBEE914CF2B3}.Debug|Any CPU.Build.0 = Debug|Any CPU
		{FF35E9A2-68AC-48CA-A456-FBEE914CF2B3}.Release|Any CPU.ActiveCfg = Release|Any CPU
		{FF35E9A2-68AC-48CA-A456-FBEE914CF2B3}.Release|Any CPU.Build.0 = Release|Any CPU
		{2C36F96E-CDC1-411A-A648-2F75B99EF552}.Debug|Any CPU.ActiveCfg = Debug|Any CPU
		{2C36F96E-CDC1-411A-A648-2F75B99EF552}.Debug|Any CPU.Build.0 = Debug|Any CPU
		{2C36F96E-CDC1-411A-A648-2F75B99EF552}.Release|Any CPU.ActiveCfg = Release|Any CPU
		{2C36F96E-CDC1-411A-A648-2F75B99EF552}.Release|Any CPU.Build.0 = Release|Any CPU
		{DE250A7F-0C55-4436-8058-CCA8E8F049D9}.Debug|Any CPU.ActiveCfg = Debug|Any CPU
		{DE250A7F-0C55-4436-8058-CCA8E8F049D9}.Debug|Any CPU.Build.0 = Debug|Any CPU
		{DE250A7F-0C55-4436-8058-CCA8E8F049D9}.Release|Any CPU.ActiveCfg = Release|Any CPU
		{DE250A7F-0C55-4436-8058-CCA8E8F049D9}.Release|Any CPU.Build.0 = Release|Any CPU
		{8AAF7B29-AC37-4BA8-9380-C5099019D2B0}.Debug|Any CPU.ActiveCfg = Debug|Any CPU
		{8AAF7B29-AC37-4BA8-9380-C5099019D2B0}.Debug|Any CPU.Build.0 = Debug|Any CPU
		{8AAF7B29-AC37-4BA8-9380-C5099019D2B0}.Release|Any CPU.ActiveCfg = Release|Any CPU
		{8AAF7B29-AC37-4BA8-9380-C5099019D2B0}.Release|Any CPU.Build.0 = Release|Any CPU
		{9B15175F-D9E9-4E45-997A-2E86493C47D8}.Debug|Any CPU.ActiveCfg = Debug|Any CPU
		{9B15175F-D9E9-4E45-997A-2E86493C47D8}.Debug|Any CPU.Build.0 = Debug|Any CPU
		{9B15175F-D9E9-4E45-997A-2E86493C47D8}.Release|Any CPU.ActiveCfg = Release|Any CPU
		{9B15175F-D9E9-4E45-997A-2E86493C47D8}.Release|Any CPU.Build.0 = Release|Any CPU
		{B007183C-EDC1-4FA4-8262-0C06144C2775}.Debug|Any CPU.ActiveCfg = Debug|Any CPU
		{B007183C-EDC1-4FA4-8262-0C06144C2775}.Debug|Any CPU.Build.0 = Debug|Any CPU
		{B007183C-EDC1-4FA4-8262-0C06144C2775}.Release|Any CPU.ActiveCfg = Release|Any CPU
		{B007183C-EDC1-4FA4-8262-0C06144C2775}.Release|Any CPU.Build.0 = Release|Any CPU
		{60EA7E49-2112-4854-9091-817CC20FC119}.Debug|Any CPU.ActiveCfg = Debug|Any CPU
		{60EA7E49-2112-4854-9091-817CC20FC119}.Debug|Any CPU.Build.0 = Debug|Any CPU
		{60EA7E49-2112-4854-9091-817CC20FC119}.Release|Any CPU.ActiveCfg = Release|Any CPU
		{60EA7E49-2112-4854-9091-817CC20FC119}.Release|Any CPU.Build.0 = Release|Any CPU
		{4D401799-D37B-48ED-A087-DDB20EF0B223}.Debug|Any CPU.ActiveCfg = Debug|Any CPU
		{4D401799-D37B-48ED-A087-DDB20EF0B223}.Debug|Any CPU.Build.0 = Debug|Any CPU
		{4D401799-D37B-48ED-A087-DDB20EF0B223}.Release|Any CPU.ActiveCfg = Release|Any CPU
		{4D401799-D37B-48ED-A087-DDB20EF0B223}.Release|Any CPU.Build.0 = Release|Any CPU
	EndGlobalSection
	GlobalSection(SolutionProperties) = preSolution
		HideSolutionNode = FALSE
	EndGlobalSection
EndGlobal
