
Microsoft Visual Studio Solution File, Format Version 12.00
# Visual Studio 2012
Project("{FAE04EC0-301F-11D3-BF4B-00C04F79EFBC}") = "1.Carousel", "1.Carousel\1.Carousel.csproj", "{3F517D2C-03AC-4225-B788-1A6F0EBEFEBF}"
EndProject
Project("{FAE04EC0-301F-11D3-BF4B-00C04F79EFBC}") = "2.TODOList", "2.TODOList\2.TODOList.csproj", "{57C69A20-88E1-44E5-B412-6E9328DAB0FA}"
EndProject
Global
	GlobalSection(SolutionConfigurationPlatforms) = preSolution
		Debug|Any CPU = Debug|Any CPU
		Release|Any CPU = Release|Any CPU
	EndGlobalSection
	GlobalSection(ProjectConfigurationPlatforms) = postSolution
		{3F517D2C-03AC-4225-B788-1A6F0EBEFEBF}.Debug|Any CPU.ActiveCfg = Debug|Any CPU
		{3F517D2C-03AC-4225-B788-1A6F0EBEFEBF}.Debug|Any CPU.Build.0 = Debug|Any CPU
		{3F517D2C-03AC-4225-B788-1A6F0EBEFEBF}.Release|Any CPU.ActiveCfg = Release|Any CPU
		{3F517D2C-03AC-4225-B788-1A6F0EBEFEBF}.Release|Any CPU.Build.0 = Release|Any CPU
		{57C69A20-88E1-44E5-B412-6E9328DAB0FA}.Debug|Any CPU.ActiveCfg = Debug|Any CPU
		{57C69A20-88E1-44E5-B412-6E9328DAB0FA}.Debug|Any CPU.Build.0 = Debug|Any CPU
		{57C69A20-88E1-44E5-B412-6E9328DAB0FA}.Release|Any CPU.ActiveCfg = Release|Any CPU
		{57C69A20-88E1-44E5-B412-6E9328DAB0FA}.Release|Any CPU.Build.0 = Release|Any CPU
	EndGlobalSection
	GlobalSection(SolutionProperties) = preSolution
		HideSolutionNode = FALSE
	EndGlobalSection
EndGlobal
