
Microsoft Visual Studio Solution File, Format Version 12.00
# Visual Studio 2012
Project("{FAE04EC0-301F-11D3-BF4B-00C04F79EFBC}") = "1.Shape", "1.Size\1.Shape.csproj", "{68C92327-2E33-45FB-8A14-C81883FAE0A8}"
EndProject
Project("{FAE04EC0-301F-11D3-BF4B-00C04F79EFBC}") = "2.Statistics", "2.Statistics\2.Statistics.csproj", "{B651C5B5-A986-40A8-B6D5-793F03D5A61B}"
EndProject
Global
	GlobalSection(SolutionConfigurationPlatforms) = preSolution
		Debug|Any CPU = Debug|Any CPU
		Release|Any CPU = Release|Any CPU
	EndGlobalSection
	GlobalSection(ProjectConfigurationPlatforms) = postSolution
		{68C92327-2E33-45FB-8A14-C81883FAE0A8}.Debug|Any CPU.ActiveCfg = Debug|Any CPU
		{68C92327-2E33-45FB-8A14-C81883FAE0A8}.Debug|Any CPU.Build.0 = Debug|Any CPU
		{68C92327-2E33-45FB-8A14-C81883FAE0A8}.Release|Any CPU.ActiveCfg = Release|Any CPU
		{68C92327-2E33-45FB-8A14-C81883FAE0A8}.Release|Any CPU.Build.0 = Release|Any CPU
		{B651C5B5-A986-40A8-B6D5-793F03D5A61B}.Debug|Any CPU.ActiveCfg = Debug|Any CPU
		{B651C5B5-A986-40A8-B6D5-793F03D5A61B}.Debug|Any CPU.Build.0 = Debug|Any CPU
		{B651C5B5-A986-40A8-B6D5-793F03D5A61B}.Release|Any CPU.ActiveCfg = Release|Any CPU
		{B651C5B5-A986-40A8-B6D5-793F03D5A61B}.Release|Any CPU.Build.0 = Release|Any CPU
	EndGlobalSection
	GlobalSection(SolutionProperties) = preSolution
		HideSolutionNode = FALSE
	EndGlobalSection
EndGlobal
