
Microsoft Visual Studio Solution File, Format Version 12.00
# Visual Studio 2012
Project("{FAE04EC0-301F-11D3-BF4B-00C04F79EFBC}") = "5.LESS", "5.LESS\5.LESS.csproj", "{7F9DDF75-E964-4EC5-99FC-9C2FCC85F457}"
EndProject
Global
	GlobalSection(SolutionConfigurationPlatforms) = preSolution
		Debug|Any CPU = Debug|Any CPU
		Release|Any CPU = Release|Any CPU
	EndGlobalSection
	GlobalSection(ProjectConfigurationPlatforms) = postSolution
		{7F9DDF75-E964-4EC5-99FC-9C2FCC85F457}.Debug|Any CPU.ActiveCfg = Debug|Any CPU
		{7F9DDF75-E964-4EC5-99FC-9C2FCC85F457}.Debug|Any CPU.Build.0 = Debug|Any CPU
		{7F9DDF75-E964-4EC5-99FC-9C2FCC85F457}.Release|Any CPU.ActiveCfg = Release|Any CPU
		{7F9DDF75-E964-4EC5-99FC-9C2FCC85F457}.Release|Any CPU.Build.0 = Release|Any CPU
	EndGlobalSection
	GlobalSection(SolutionProperties) = preSolution
		HideSolutionNode = FALSE
	EndGlobalSection
EndGlobal
