
Microsoft Visual Studio Solution File, Format Version 12.00
# Visual Studio 2012
Project("{FAE04EC0-301F-11D3-BF4B-00C04F79EFBC}") = "1.Define3MainClasses", "1.Define3MainClasses\1.Define3MainClasses.csproj", "{ACE075DB-0622-4752-9815-E34A1EF3D879}"
EndProject
Global
	GlobalSection(SolutionConfigurationPlatforms) = preSolution
		Debug|Any CPU = Debug|Any CPU
		Release|Any CPU = Release|Any CPU
	EndGlobalSection
	GlobalSection(ProjectConfigurationPlatforms) = postSolution
		{ACE075DB-0622-4752-9815-E34A1EF3D879}.Debug|Any CPU.ActiveCfg = Debug|Any CPU
		{ACE075DB-0622-4752-9815-E34A1EF3D879}.Debug|Any CPU.Build.0 = Debug|Any CPU
		{ACE075DB-0622-4752-9815-E34A1EF3D879}.Release|Any CPU.ActiveCfg = Release|Any CPU
		{ACE075DB-0622-4752-9815-E34A1EF3D879}.Release|Any CPU.Build.0 = Release|Any CPU
	EndGlobalSection
	GlobalSection(SolutionProperties) = preSolution
		HideSolutionNode = FALSE
	EndGlobalSection
EndGlobal
