
Microsoft Visual Studio Solution File, Format Version 12.00
# Visual Studio 2012
Project("{FAE04EC0-301F-11D3-BF4B-00C04F79EFBC}") = "1.InternetGraphAlgo", "1.InternetGraphAlgo\1.InternetGraphAlgo.csproj", "{B1852F2E-BE0C-4FCF-BA92-EF36BCE96903}"
EndProject
Project("{FAE04EC0-301F-11D3-BF4B-00C04F79EFBC}") = "1.Test", "1.Test\1.Test.csproj", "{243CD346-8CAE-40EC-AD69-DFC4827F63C7}"
EndProject
Global
	GlobalSection(SolutionConfigurationPlatforms) = preSolution
		Debug|Any CPU = Debug|Any CPU
		Release|Any CPU = Release|Any CPU
	EndGlobalSection
	GlobalSection(ProjectConfigurationPlatforms) = postSolution
		{B1852F2E-BE0C-4FCF-BA92-EF36BCE96903}.Debug|Any CPU.ActiveCfg = Debug|Any CPU
		{B1852F2E-BE0C-4FCF-BA92-EF36BCE96903}.Debug|Any CPU.Build.0 = Debug|Any CPU
		{B1852F2E-BE0C-4FCF-BA92-EF36BCE96903}.Release|Any CPU.ActiveCfg = Release|Any CPU
		{B1852F2E-BE0C-4FCF-BA92-EF36BCE96903}.Release|Any CPU.Build.0 = Release|Any CPU
		{243CD346-8CAE-40EC-AD69-DFC4827F63C7}.Debug|Any CPU.ActiveCfg = Debug|Any CPU
		{243CD346-8CAE-40EC-AD69-DFC4827F63C7}.Debug|Any CPU.Build.0 = Debug|Any CPU
		{243CD346-8CAE-40EC-AD69-DFC4827F63C7}.Release|Any CPU.ActiveCfg = Release|Any CPU
		{243CD346-8CAE-40EC-AD69-DFC4827F63C7}.Release|Any CPU.Build.0 = Release|Any CPU
	EndGlobalSection
	GlobalSection(SolutionProperties) = preSolution
		HideSolutionNode = FALSE
	EndGlobalSection
EndGlobal
